<?xml version="1.0" encoding="utf-8"?>
<Project ToolsVersion="4.0" xmlns="http://schemas.microsoft.com/developer/msbuild/2003">
  <ItemGroup>
    <Filter Include="Source Files">
      <UniqueIdentifier>{4FC737F1-C7A5-4376-A066-2A32D752A2FF}</UniqueIdentifier>
      <Extensions>cpp;c;cc;cxx;def;odl;idl;hpj;bat;asm;asmx</Extensions>
    </Filter>
    <Filter Include="Header Files">
      <UniqueIdentifier>{93995380-89BD-4b04-88EB-625FBE52EBFB}</UniqueIdentifier>
      <Extensions>h;hh;hpp;hxx;hm;inl;inc;ipp;xsd</Extensions>
    </Filter>
    <Filter Include="Resource Files">
      <UniqueIdentifier>{67DA6AB6-F800-4c08-8B7A-83BB121AAD01}</UniqueIdentifier>
      <Extensions>rc;ico;cur;bmp;dlg;rc2;rct;bin;rgs;gif;jpg;jpeg;jpe;resx;tiff;tif;png;wav;mfcribbon-ms</Extensions>
    </Filter>
    <Filter Include="Source Files\imgui-docking">
      <UniqueIdentifier>{7c94c1f2-0c93-4599-9c50-94ff8e1a9127}</UniqueIdentifier>
    </Filter>
    <Filter Include="Header Files\OpenGL">
      <UniqueIdentifier>{b833a7f1-20bb-4600-b1d6-7f6f38d06701}</UniqueIdentifier>
    </Filter>
    <Filter Include="Header Files\OpenGL\Image2Texture">
      <UniqueIdentifier>{53b58c10-480a-4117-981d-daa7d99c3e11}</UniqueIdentifier>
    </Filter>
    <Filter Include="Header Files\OpenGL\FRM">
      <UniqueIdentifier>{cc314f19-68c8-4331-9347-75dff9713c25}</UniqueIdentifier>
    </Filter>
  </ItemGroup>
  <ItemGroup>
    <ClCompile Include="tinyfiledialogs.c">
      <Filter>Source Files</Filter>
    </ClCompile>
    <ClCompile Include="msk2bmpGUI.cpp">
      <Filter>Source Files</Filter>
    </ClCompile>
    <ClCompile Include="Load_Files.cpp">
      <Filter>Source Files</Filter>
    </ClCompile>
    <ClCompile Include="FRM_Convert.cpp">
      <Filter>Source Files</Filter>
    </ClCompile>
    <ClCompile Include="FRM_Animate.cpp">
      <Filter>Source Files</Filter>
    </ClCompile>
    <ClCompile Include="imgui-docking\imgui.cpp">
      <Filter>Source Files\imgui-docking</Filter>
    </ClCompile>
    <ClCompile Include="imgui-docking\imgui_demo.cpp">
      <Filter>Source Files\imgui-docking</Filter>
    </ClCompile>
    <ClCompile Include="imgui-docking\imgui_draw.cpp">
      <Filter>Source Files\imgui-docking</Filter>
    </ClCompile>
    <ClCompile Include="imgui-docking\imgui_impl_sdl.cpp">
      <Filter>Source Files\imgui-docking</Filter>
    </ClCompile>
    <ClCompile Include="imgui-docking\imgui_tables.cpp">
      <Filter>Source Files\imgui-docking</Filter>
    </ClCompile>
    <ClCompile Include="imgui-docking\imgui_widgets.cpp">
      <Filter>Source Files\imgui-docking</Filter>
    </ClCompile>
    <ClCompile Include="imgui-docking\imgui_impl_opengl3.cpp">
      <Filter>Source Files\imgui-docking</Filter>
    </ClCompile>
    <ClCompile Include="Image2Texture.cpp">
      <Filter>Header Files\OpenGL\Image2Texture</Filter>
    </ClCompile>
    <ClCompile Include="Save_Files.cpp">
      <Filter>Source Files</Filter>
    </ClCompile>
    <ClCompile Include="B_Endian.cpp">
      <Filter>Source Files</Filter>
    </ClCompile>
    <ClCompile Include="Load_Settings.cpp">
      <Filter>Source Files</Filter>
    </ClCompile>
    <ClCompile Include="Edit_Image.cpp">
      <Filter>Source Files</Filter>
    </ClCompile>
    <ClCompile Include="MSK_Convert.cpp">
      <Filter>Source Files</Filter>
    </ClCompile>
    <ClCompile Include="shaders\shader_class.cpp">
      <Filter>Header Files\OpenGL</Filter>
    </ClCompile>
    <ClCompile Include="load_FRM_OpenGL.cpp">
      <Filter>Header Files\OpenGL\FRM</Filter>
    </ClCompile>
    <ClCompile Include="display_FRM_OpenGL.cpp">
      <Filter>Header Files\OpenGL\FRM</Filter>
    </ClCompile>
    <ClCompile Include="Palette_Cycle.cpp">
      <Filter>Header Files\OpenGL\FRM</Filter>
    </ClCompile>
    <ClCompile Include="dependencies\GLAD\src\glad.c">
      <Filter>Source Files</Filter>
    </ClCompile>
    <ClCompile Include="Zoom_Pan.cpp">
      <Filter>Source Files</Filter>
    </ClCompile>
    <ClCompile Include="Preview_Image.cpp">
      <Filter>Source Files</Filter>
    </ClCompile>
  </ItemGroup>
  <ItemGroup>
    <ClInclude Include="tinyfiledialogs.h">
      <Filter>Header Files</Filter>
    </ClInclude>
    <ClInclude Include="Load_Files.h">
      <Filter>Header Files</Filter>
    </ClInclude>
    <ClInclude Include="FRM_Convert.h">
      <Filter>Header Files</Filter>
    </ClInclude>
    <ClInclude Include="B_Endian.h">
      <Filter>Header Files</Filter>
    </ClInclude>
    <ClInclude Include="FRM_Animate.h">
      <Filter>Header Files</Filter>
    </ClInclude>
    <ClInclude Include="Save_Files.h">
      <Filter>Header Files</Filter>
    </ClInclude>
    <ClInclude Include="imgui-docking\imconfig.h">
      <Filter>Source Files\imgui-docking</Filter>
    </ClInclude>
    <ClInclude Include="imgui-docking\imgui.h">
      <Filter>Source Files\imgui-docking</Filter>
    </ClInclude>
    <ClInclude Include="imgui-docking\imgui_impl_sdl.h">
      <Filter>Source Files\imgui-docking</Filter>
    </ClInclude>
    <ClInclude Include="imgui-docking\imgui_internal.h">
      <Filter>Source Files\imgui-docking</Filter>
    </ClInclude>
    <ClInclude Include="imgui-docking\imstb_rectpack.h">
      <Filter>Source Files\imgui-docking</Filter>
    </ClInclude>
    <ClInclude Include="imgui-docking\imstb_textedit.h">
      <Filter>Source Files\imgui-docking</Filter>
    </ClInclude>
    <ClInclude Include="imgui-docking\imstb_truetype.h">
      <Filter>Source Files\imgui-docking</Filter>
    </ClInclude>
    <ClInclude Include="imgui-docking\imgui_impl_opengl3.h">
      <Filter>Source Files\imgui-docking</Filter>
    </ClInclude>
    <ClInclude Include="imgui-docking\imgui_impl_opengl3_loader.h">
      <Filter>Source Files\imgui-docking</Filter>
    </ClInclude>
    <ClInclude Include="Image2Texture.h">
      <Filter>Header Files\OpenGL\Image2Texture</Filter>
    </ClInclude>
    <ClInclude Include="Load_Settings.h">
      <Filter>Header Files</Filter>
    </ClInclude>
    <ClInclude Include="Edit_Image.h">
      <Filter>Header Files</Filter>
    </ClInclude>
    <ClInclude Include="MSK_Convert.h">
      <Filter>Header Files</Filter>
    </ClInclude>
    <ClInclude Include="load_FRM_OpenGL.h">
      <Filter>Header Files\OpenGL\FRM</Filter>
    </ClInclude>
    <ClInclude Include="display_FRM_OpenGL.h">
      <Filter>Header Files\OpenGL\FRM</Filter>
    </ClInclude>
    <ClInclude Include="shaders\shader_class.h">
      <Filter>Header Files</Filter>
    </ClInclude>
    <ClInclude Include="Palette_Cycle.h">
      <Filter>Header Files\OpenGL\FRM</Filter>
    </ClInclude>
    <ClInclude Include="Zoom_Pan.h">
      <Filter>Header Files</Filter>
    </ClInclude>
    <ClInclude Include="Preview_Image.h">
      <Filter>Header Files</Filter>
    </ClInclude>
  </ItemGroup>
  <ItemGroup>
    <None Include="shaders\Palette_Shader.vert">
      <Filter>Header Files\OpenGL</Filter>
    </None>
    <None Include="shaders\color_cycle_1D.frag">
      <Filter>Header Files\OpenGL</Filter>
    </None>
    <None Include="shaders\color_cycle_2D.frag">
      <Filter>Header Files\OpenGL</Filter>
    </None>
    <None Include="shaders\pass_thru_shader.frag">
      <Filter>Header Files\OpenGL</Filter>
    </None>
    <None Include="shaders\zoom_shader.vert">
      <Filter>Header Files\OpenGL</Filter>
    </None>
    <None Include="shaders\passthru_shader.vert">
      <Filter>Header Files\OpenGL\FRM</Filter>
    </None>
    <None Include="shaders\render_frm.frag">
      <Filter>Header Files\OpenGL\FRM</Filter>
    </None>
    <None Include="shaders\render_PAL.frag">
      <Filter>Header Files\OpenGL\FRM</Filter>
    </None>
  </ItemGroup>
</Project>